PODS:
  - Alamofire (4.7.3)
  - Crashlytics (3.10.7):
    - Fabric (~> 1.7.11)
  - Fabric (1.7.11)
  - Firebase/Auth (5.6.0):
    - Firebase/CoreOnly
    - FirebaseAuth (= 5.0.3)
  - Firebase/CoreOnly (5.6.0):
    - FirebaseCore (= 5.1.1)
  - Firebase/Database (5.6.0):
    - Firebase/CoreOnly
    - FirebaseDatabase (= 5.0.2)
  - Firebase/Messaging (5.6.0):
    - Firebase/CoreOnly
    - FirebaseMessaging (= 3.1.0)
  - Firebase/Storage (5.6.0):
    - Firebase/CoreOnly
    - FirebaseStorage (= 3.0.0)
  - FirebaseAuth (5.0.3):
    - FirebaseAuthInterop (~> 1.0)
    - FirebaseCore (~> 5.0)
    - GoogleUtilities/Environment (~> 5.2)
    - GTMSessionFetcher/Core (~> 1.1)
  - FirebaseAuthInterop (1.0.0)
  - FirebaseCore (5.1.1):
    - GoogleUtilities/Logger (~> 5.2)
  - FirebaseDatabase (5.0.2):
    - FirebaseCore (~> 5.0)
    - leveldb-library (~> 1.18)
  - FirebaseInstanceID (3.2.1):
    - FirebaseCore (~> 5.1)
    - GoogleUtilities/Environment (~> 5.2)
  - FirebaseMessaging (3.1.0):
    - FirebaseCore (~> 5.0)
    - FirebaseInstanceID (~> 3.0)
    - GoogleUtilities/Reachability (~> 5.2)
    - Protobuf (~> 3.1)
  - FirebaseStorage (3.0.0):
    - FirebaseCore (~> 5.0)
    - GTMSessionFetcher/Core (~> 1.1)
  - GoogleUtilities/Environment (5.2.2)
  - GoogleUtilities/Logger (5.2.2):
    - GoogleUtilities/Environment
  - GoogleUtilities/Reachability (5.2.2):
    - GoogleUtilities/Logger
  - GTMSessionFetcher/Core (1.2.0)
  - leveldb-library (1.20)
  - Mapbox-iOS-SDK (4.3.0)
  - MapboxGeocoder.swift (0.9.0)
  - PromiseKit/Alamofire (6.3.4):
    - Alamofire (~> 4.0)
    - PromiseKit/CorePromise
  - PromiseKit/CorePromise (6.3.4)
  - Protobuf (3.6.1)

DEPENDENCIES:
  - Alamofire (~> 4.7)
  - Crashlytics (~> 3.10.5)
  - Fabric (~> 1.7.9)
  - Firebase/Auth
  - Firebase/Database
  - Firebase/Messaging
  - Firebase/Storage
  - Mapbox-iOS-SDK (~> 4.3)
  - MapboxGeocoder.swift (~> 0.9)
  - PromiseKit/Alamofire (~> 6.0)

SPEC REPOS:
  https://github.com/cocoapods/specs.git:
    - Alamofire
    - Crashlytics
    - Fabric
    - Firebase
    - FirebaseAuth
    - FirebaseAuthInterop
    - FirebaseCore
    - FirebaseDatabase
    - FirebaseInstanceID
    - FirebaseMessaging
    - FirebaseStorage
    - GoogleUtilities
    - GTMSessionFetcher
    - leveldb-library
    - Mapbox-iOS-SDK
    - MapboxGeocoder.swift
    - PromiseKit
    - Protobuf

SPEC CHECKSUMS:
  Alamofire: c7287b6e5d7da964a70935e5db17046b7fde6568
  Crashlytics: ccaac42660eb9351b9960c0d66106b0bcf99f4fa
  Fabric: f233c9492b3bbc1f04e3882986740f7988a58edb
  Firebase: 75ea9e232eefa158c1049028030b8f661a2ccb62
  FirebaseAuth: 657a25e4be044d2d333663ebf515a861c5a59cd7
  FirebaseAuthInterop: 0ffa57668be100582bb7643d4fcb7615496c41fc
  FirebaseCore: cb9ee75e0894def766167c95a4d5a14b1c138269
  FirebaseDatabase: 27be5ac5bc75e0b17537b2bbfada8258addcc8cd
  FirebaseInstanceID: ea5af6920d0a4a29b40459d055bebe4a6c1333c4
  FirebaseMessaging: f67b3719f520ee200da0e20ce577fe2bce0c01d0
  FirebaseStorage: 7ca4bb7b58a25fa647b04f524033fc7cb7eb272b
  GoogleUtilities: 06b66f9567769a7958db20a92f0128b2843e49d5
  GTMSessionFetcher: 0c4baf0a73acd0041bf9f71ea018deedab5ea84e
  leveldb-library: 08cba283675b7ed2d99629a4bc5fd052cd2bb6a5
  Mapbox-iOS-SDK: 7d8d510088ba7900d11aa3ceb98f563b040efca1
  MapboxGeocoder.swift: 66d2e5e452c5de6b65ea9b01be436d1c5f100b7e
  PromiseKit: e1425568123ec844a944c93f2bcb29d511d39cf5
  Protobuf: 1eb9700044745f00181c136ef21b8ff3ad5a0fd5

PODFILE CHECKSUM: c592670d27a69796e2c9255e027822238b7c31a6

COCOAPODS: 1.5.3
