// !$*UTF8*$!
{
	archiveVersion = 1;
	classes = {
	};
	objectVersion = 46;
	objects = {

/* Begin PBXBuildFile section */
		340D72E71F47FFBB00425434 /* TutorialController.swift in Sources */ = {isa = PBXBuildFile; fileRef = 340D72E61F47FFBB00425434 /* TutorialController.swift */; };
		340D72E91F48034800425434 /* MapController.swift in Sources */ = {isa = PBXBuildFile; fileRef = 340D72E81F48034800425434 /* MapController.swift */; };
		341C99B91F7182920017BFE1 /* UIStoryboardSegueSlide.swift in Sources */ = {isa = PBXBuildFile; fileRef = 341C99B81F7182920017BFE1 /* UIStoryboardSegueSlide.swift */; };
		3441B73B1F5E671C008935D0 /* LaunchScreen.storyboard in Resources */ = {isa = PBXBuildFile; fileRef = 3441B7391F5E657A008935D0 /* LaunchScreen.storyboard */; };
		3441B73C1F5E6722008935D0 /* Main.storyboard in Resources */ = {isa = PBXBuildFile; fileRef = 3441B73A1F5E6661008935D0 /* Main.storyboard */; };
		3445B5901EBAC02F00B4C7CA /* AppDelegate.swift in Sources */ = {isa = PBXBuildFile; fileRef = 3445B58F1EBAC02F00B4C7CA /* AppDelegate.swift */; };
		3445B5921EBAC02F00B4C7CA /* LoginController.swift in Sources */ = {isa = PBXBuildFile; fileRef = 3445B5911EBAC02F00B4C7CA /* LoginController.swift */; };
		344A43001F75638C00825713 /* PlaneAnnotationView.swift in Sources */ = {isa = PBXBuildFile; fileRef = 344A42FF1F75638C00825713 /* PlaneAnnotationView.swift */; };
		3450B3DB1F76B62C0040532E /* CLLocationCoordinate2DExtensions.swift in Sources */ = {isa = PBXBuildFile; fileRef = 3450B3DA1F76B62C0040532E /* CLLocationCoordinate2DExtensions.swift */; };
		3451040C1F71E34C00F36D6B /* GoogleService-Info.plist in Resources */ = {isa = PBXBuildFile; fileRef = 3451040B1F71E34B00F36D6B /* GoogleService-Info.plist */; };
		3494BA5E1F7044D800F0B8FE /* PageController.swift in Sources */ = {isa = PBXBuildFile; fileRef = 3494BA5D1F7044D800F0B8FE /* PageController.swift */; };
		349B65101F5E3A5400867E3E /* DetailController.swift in Sources */ = {isa = PBXBuildFile; fileRef = 349B650F1F5E3A5400867E3E /* DetailController.swift */; };
		34A5851E1F709BA1006E05E6 /* Assets.xcassets in Resources */ = {isa = PBXBuildFile; fileRef = 34A5851D1F709BA1006E05E6 /* Assets.xcassets */; };
		34A585201F70B3F6006E05E6 /* Podfile in Resources */ = {isa = PBXBuildFile; fileRef = 34A5851F1F70B3F6006E05E6 /* Podfile */; };
		34D87C3B1F47DC7200CCEC9E /* UIViewExtensions.swift in Sources */ = {isa = PBXBuildFile; fileRef = 34D87C3A1F47DC7200CCEC9E /* UIViewExtensions.swift */; };
		34D87C3D1F47DE2500CCEC9E /* Campaign.storyboard in Resources */ = {isa = PBXBuildFile; fileRef = 34D87C3C1F47DE2500CCEC9E /* Campaign.storyboard */; };
		34EEC0321F8000C2002FC0B6 /* Credentials.swift in Sources */ = {isa = PBXBuildFile; fileRef = 34EEC0311F8000C2002FC0B6 /* Credentials.swift */; };
		752C7FE6393ECD0DB421B3DB /* Pods_VisualNoAr.framework in Frameworks */ = {isa = PBXBuildFile; fileRef = C90AEDC26D88B86D0B1DEF68 /* Pods_VisualNoAr.framework */; };
/* End PBXBuildFile section */

/* Begin PBXFileReference section */
		340D72E61F47FFBB00425434 /* TutorialController.swift */ = {isa = PBXFileReference; lastKnownFileType = sourcecode.swift; path = TutorialController.swift; sourceTree = "<group>"; };
		340D72E81F48034800425434 /* MapController.swift */ = {isa = PBXFileReference; lastKnownFileType = sourcecode.swift; path = MapController.swift; sourceTree = "<group>"; };
		341C99B81F7182920017BFE1 /* UIStoryboardSegueSlide.swift */ = {isa = PBXFileReference; lastKnownFileType = sourcecode.swift; path = UIStoryboardSegueSlide.swift; sourceTree = "<group>"; };
		3441B7391F5E657A008935D0 /* LaunchScreen.storyboard */ = {isa = PBXFileReference; lastKnownFileType = file.storyboard; path = LaunchScreen.storyboard; sourceTree = "<group>"; };
		3441B73A1F5E6661008935D0 /* Main.storyboard */ = {isa = PBXFileReference; lastKnownFileType = file.storyboard; path = Main.storyboard; sourceTree = "<group>"; };
		3445B58C1EBAC02F00B4C7CA /* VisualNoAr.app */ = {isa = PBXFileReference; explicitFileType = wrapper.application; includeInIndex = 0; path = VisualNoAr.app; sourceTree = BUILT_PRODUCTS_DIR; };
		3445B58F1EBAC02F00B4C7CA /* AppDelegate.swift */ = {isa = PBXFileReference; lastKnownFileType = sourcecode.swift; path = AppDelegate.swift; sourceTree = "<group>"; };
		3445B5911EBAC02F00B4C7CA /* LoginController.swift */ = {isa = PBXFileReference; lastKnownFileType = sourcecode.swift; path = LoginController.swift; sourceTree = "<group>"; };
		3445B59B1EBAC02F00B4C7CA /* Info.plist */ = {isa = PBXFileReference; lastKnownFileType = text.plist.xml; path = Info.plist; sourceTree = "<group>"; };
		344A42FF1F75638C00825713 /* PlaneAnnotationView.swift */ = {isa = PBXFileReference; lastKnownFileType = sourcecode.swift; path = PlaneAnnotationView.swift; sourceTree = "<group>"; };
		3450B3DA1F76B62C0040532E /* CLLocationCoordinate2DExtensions.swift */ = {isa = PBXFileReference; lastKnownFileType = sourcecode.swift; path = CLLocationCoordinate2DExtensions.swift; sourceTree = "<group>"; };
		3451040B1F71E34B00F36D6B /* GoogleService-Info.plist */ = {isa = PBXFileReference; fileEncoding = 4; lastKnownFileType = text.plist.xml; name = "GoogleService-Info.plist"; path = "../../../../Desktop/GoogleService-Info.plist"; sourceTree = "<group>"; };
		3494BA5D1F7044D800F0B8FE /* PageController.swift */ = {isa = PBXFileReference; lastKnownFileType = sourcecode.swift; path = PageController.swift; sourceTree = "<group>"; };
		349B650F1F5E3A5400867E3E /* DetailController.swift */ = {isa = PBXFileReference; lastKnownFileType = sourcecode.swift; path = DetailController.swift; sourceTree = "<group>"; };
		34A5851D1F709BA1006E05E6 /* Assets.xcassets */ = {isa = PBXFileReference; lastKnownFileType = folder.assetcatalog; path = Assets.xcassets; sourceTree = "<group>"; };
		34A5851F1F70B3F6006E05E6 /* Podfile */ = {isa = PBXFileReference; lastKnownFileType = text; path = Podfile; sourceTree = "<group>"; xcLanguageSpecificationIdentifier = xcode.lang.ruby; };
		34D87C3A1F47DC7200CCEC9E /* UIViewExtensions.swift */ = {isa = PBXFileReference; lastKnownFileType = sourcecode.swift; path = UIViewExtensions.swift; sourceTree = "<group>"; };
		34D87C3C1F47DE2500CCEC9E /* Campaign.storyboard */ = {isa = PBXFileReference; lastKnownFileType = file.storyboard; path = Campaign.storyboard; sourceTree = "<group>"; };
		34EEC0311F8000C2002FC0B6 /* Credentials.swift */ = {isa = PBXFileReference; lastKnownFileType = sourcecode.swift; path = Credentials.swift; sourceTree = "<group>"; };
		B159C955CEC692D89B2F1F34 /* Pods-VisualNoAr.debug.xcconfig */ = {isa = PBXFileReference; includeInIndex = 1; lastKnownFileType = text.xcconfig; name = "Pods-VisualNoAr.debug.xcconfig"; path = "Pods/Target Support Files/Pods-VisualNoAr/Pods-VisualNoAr.debug.xcconfig"; sourceTree = "<group>"; };
		C90AEDC26D88B86D0B1DEF68 /* Pods_VisualNoAr.framework */ = {isa = PBXFileReference; explicitFileType = wrapper.framework; includeInIndex = 0; path = Pods_VisualNoAr.framework; sourceTree = BUILT_PRODUCTS_DIR; };
		F91B8E07010A443762B27FD7 /* Pods-VisualNoAr.release.xcconfig */ = {isa = PBXFileReference; includeInIndex = 1; lastKnownFileType = text.xcconfig; name = "Pods-VisualNoAr.release.xcconfig"; path = "Pods/Target Support Files/Pods-VisualNoAr/Pods-VisualNoAr.release.xcconfig"; sourceTree = "<group>"; };
/* End PBXFileReference section */

/* Begin PBXFrameworksBuildPhase section */
		3445B5891EBAC02E00B4C7CA /* Frameworks */ = {
			isa = PBXFrameworksBuildPhase;
			buildActionMask = 2147483647;
			files = (
				752C7FE6393ECD0DB421B3DB /* Pods_VisualNoAr.framework in Frameworks */,
			);
			runOnlyForDeploymentPostprocessing = 0;
		};
/* End PBXFrameworksBuildPhase section */

/* Begin PBXGroup section */
		340D72E41F47FEE000425434 /* Login */ = {
			isa = PBXGroup;
			children = (
				3441B73A1F5E6661008935D0 /* Main.storyboard */,
				3445B5911EBAC02F00B4C7CA /* LoginController.swift */,
				340D72E61F47FFBB00425434 /* TutorialController.swift */,
				3494BA5D1F7044D800F0B8FE /* PageController.swift */,
			);
			path = Login;
			sourceTree = "<group>";
		};
		340D72E51F47FEF000425434 /* Campaign */ = {
			isa = PBXGroup;
			children = (
				34D87C3C1F47DE2500CCEC9E /* Campaign.storyboard */,
				340D72E81F48034800425434 /* MapController.swift */,
				349B650F1F5E3A5400867E3E /* DetailController.swift */,
			);
			path = Campaign;
			sourceTree = "<group>";
		};
		341C99B71F71826B0017BFE1 /* Util */ = {
			isa = PBXGroup;
			children = (
				34D87C3A1F47DC7200CCEC9E /* UIViewExtensions.swift */,
				341C99B81F7182920017BFE1 /* UIStoryboardSegueSlide.swift */,
				344A42FF1F75638C00825713 /* PlaneAnnotationView.swift */,
				3450B3DA1F76B62C0040532E /* CLLocationCoordinate2DExtensions.swift */,
			);
			path = Util;
			sourceTree = "<group>";
		};
		3445B5831EBAC02E00B4C7CA = {
			isa = PBXGroup;
			children = (
				34A5851F1F70B3F6006E05E6 /* Podfile */,
				34D87C401F47E1E500CCEC9E /* Frameworks */,
				D962EA4C3622BA367135D675 /* Pods */,
				3445B58D1EBAC02F00B4C7CA /* Products */,
				3445B58E1EBAC02F00B4C7CA /* VisualNoAr */,
			);
			sourceTree = "<group>";
		};
		3445B58D1EBAC02F00B4C7CA /* Products */ = {
			isa = PBXGroup;
			children = (
				3445B58C1EBAC02F00B4C7CA /* VisualNoAr.app */,
			);
			name = Products;
			sourceTree = "<group>";
		};
		3445B58E1EBAC02F00B4C7CA /* VisualNoAr */ = {
			isa = PBXGroup;
			children = (
				34EEC0301F8000A2002FC0B6 /* Model */,
				341C99B71F71826B0017BFE1 /* Util */,
				340D72E51F47FEF000425434 /* Campaign */,
				340D72E41F47FEE000425434 /* Login */,
				3441B7391F5E657A008935D0 /* LaunchScreen.storyboard */,
				3445B58F1EBAC02F00B4C7CA /* AppDelegate.swift */,
				3445B59B1EBAC02F00B4C7CA /* Info.plist */,
				3451040B1F71E34B00F36D6B /* GoogleService-Info.plist */,
				34A5851D1F709BA1006E05E6 /* Assets.xcassets */,
			);
			path = VisualNoAr;
			sourceTree = "<group>";
		};
		34D87C401F47E1E500CCEC9E /* Frameworks */ = {
			isa = PBXGroup;
			children = (
				C90AEDC26D88B86D0B1DEF68 /* Pods_VisualNoAr.framework */,
			);
			name = Frameworks;
			sourceTree = "<group>";
		};
		34EEC0301F8000A2002FC0B6 /* Model */ = {
			isa = PBXGroup;
			children = (
				34EEC0311F8000C2002FC0B6 /* Credentials.swift */,
			);
			path = Model;
			sourceTree = "<group>";
		};
		D962EA4C3622BA367135D675 /* Pods */ = {
			isa = PBXGroup;
			children = (
				B159C955CEC692D89B2F1F34 /* Pods-VisualNoAr.debug.xcconfig */,
				F91B8E07010A443762B27FD7 /* Pods-VisualNoAr.release.xcconfig */,
			);
			name = Pods;
			sourceTree = "<group>";
		};
/* End PBXGroup section */

/* Begin PBXNativeTarget section */
		3445B58B1EBAC02E00B4C7CA /* VisualNoAr */ = {
			isa = PBXNativeTarget;
			buildConfigurationList = 3445B59E1EBAC02F00B4C7CA /* Build configuration list for PBXNativeTarget "VisualNoAr" */;
			buildPhases = (
				645BA6FDFAC2876CAA20A582 /* [CP] Check Pods Manifest.lock */,
				3445B5881EBAC02E00B4C7CA /* Sources */,
				3445B5891EBAC02E00B4C7CA /* Frameworks */,
				3445B58A1EBAC02E00B4C7CA /* Resources */,
				0A30ABFDA94C3A0B9A359B48 /* [CP] Embed Pods Frameworks */,
				5D261BB0678243D618C0DA2F /* [CP] Copy Pods Resources */,
			);
			buildRules = (
			);
			dependencies = (
			);
			name = VisualNoAr;
			productName = MyTube;
			productReference = 3445B58C1EBAC02F00B4C7CA /* VisualNoAr.app */;
			productType = "com.apple.product-type.application";
		};
/* End PBXNativeTarget section */

/* Begin PBXProject section */
		3445B5841EBAC02E00B4C7CA /* Project object */ = {
			isa = PBXProject;
			attributes = {
				LastSwiftUpdateCheck = 0830;
				LastUpgradeCheck = 0900;
				ORGANIZATIONNAME = "Visual no Ar";
				TargetAttributes = {
					3445B58B1EBAC02E00B4C7CA = {
						CreatedOnToolsVersion = 8.3.2;
						DevelopmentTeam = RH63VWYCHB;
						ProvisioningStyle = Automatic;
					};
				};
			};
			buildConfigurationList = 3445B5871EBAC02E00B4C7CA /* Build configuration list for PBXProject "VisualNoAr" */;
			compatibilityVersion = "Xcode 3.2";
			developmentRegion = English;
			hasScannedForEncodings = 0;
			knownRegions = (
				en,
				Base,
			);
			mainGroup = 3445B5831EBAC02E00B4C7CA;
			productRefGroup = 3445B58D1EBAC02F00B4C7CA /* Products */;
			projectDirPath = "";
			projectRoot = "";
			targets = (
				3445B58B1EBAC02E00B4C7CA /* VisualNoAr */,
			);
		};
/* End PBXProject section */

/* Begin PBXResourcesBuildPhase section */
		3445B58A1EBAC02E00B4C7CA /* Resources */ = {
			isa = PBXResourcesBuildPhase;
			buildActionMask = 2147483647;
			files = (
				34A585201F70B3F6006E05E6 /* Podfile in Resources */,
				3441B73C1F5E6722008935D0 /* Main.storyboard in Resources */,
				3441B73B1F5E671C008935D0 /* LaunchScreen.storyboard in Resources */,
				34D87C3D1F47DE2500CCEC9E /* Campaign.storyboard in Resources */,
				34A5851E1F709BA1006E05E6 /* Assets.xcassets in Resources */,
				3451040C1F71E34C00F36D6B /* GoogleService-Info.plist in Resources */,
			);
			runOnlyForDeploymentPostprocessing = 0;
		};
/* End PBXResourcesBuildPhase section */

/* Begin PBXShellScriptBuildPhase section */
		0A30ABFDA94C3A0B9A359B48 /* [CP] Embed Pods Frameworks */ = {
			isa = PBXShellScriptBuildPhase;
			buildActionMask = 2147483647;
			files = (
			);
			inputPaths = (
				"${SRCROOT}/Pods/Target Support Files/Pods-VisualNoAr/Pods-VisualNoAr-frameworks.sh",
				"${BUILT_PRODUCTS_DIR}/GTMSessionFetcher/GTMSessionFetcher.framework",
				"${BUILT_PRODUCTS_DIR}/GoogleToolboxForMac/GoogleToolboxForMac.framework",
				"${PODS_ROOT}/Mapbox-iOS-SDK/dynamic/Mapbox.framework",
				"${PODS_ROOT}/Mapbox-iOS-SDK/dynamic/Mapbox.framework.dSYM",
				"${BUILT_PRODUCTS_DIR}/MapboxGeocoder.swift/MapboxGeocoder.framework",
				"${BUILT_PRODUCTS_DIR}/leveldb-library/leveldb.framework",
				"${BUILT_PRODUCTS_DIR}/nanopb/nanopb.framework",
			);
			name = "[CP] Embed Pods Frameworks";
			outputPaths = (
				"${TARGET_BUILD_DIR}/${FRAMEWORKS_FOLDER_PATH}/GTMSessionFetcher.framework",
				"${TARGET_BUILD_DIR}/${FRAMEWORKS_FOLDER_PATH}/GoogleToolboxForMac.framework",
				"${TARGET_BUILD_DIR}/${FRAMEWORKS_FOLDER_PATH}/Mapbox.framework",
				"${DWARF_DSYM_FOLDER_PATH}/Mapbox.framework.dSYM",
				"${TARGET_BUILD_DIR}/${FRAMEWORKS_FOLDER_PATH}/MapboxGeocoder.framework",
				"${TARGET_BUILD_DIR}/${FRAMEWORKS_FOLDER_PATH}/leveldb.framework",
				"${TARGET_BUILD_DIR}/${FRAMEWORKS_FOLDER_PATH}/nanopb.framework",
			);
			runOnlyForDeploymentPostprocessing = 0;
			shellPath = /bin/sh;
			shellScript = "\"${SRCROOT}/Pods/Target Support Files/Pods-VisualNoAr/Pods-VisualNoAr-frameworks.sh\"\n";
			showEnvVarsInLog = 0;
		};
		5D261BB0678243D618C0DA2F /* [CP] Copy Pods Resources */ = {
			isa = PBXShellScriptBuildPhase;
			buildActionMask = 2147483647;
			files = (
			);
			inputPaths = (
			);
			name = "[CP] Copy Pods Resources";
			outputPaths = (
			);
			runOnlyForDeploymentPostprocessing = 0;
			shellPath = /bin/sh;
			shellScript = "\"${SRCROOT}/Pods/Target Support Files/Pods-VisualNoAr/Pods-VisualNoAr-resources.sh\"\n";
			showEnvVarsInLog = 0;
		};
		645BA6FDFAC2876CAA20A582 /* [CP] Check Pods Manifest.lock */ = {
			isa = PBXShellScriptBuildPhase;
			buildActionMask = 2147483647;
			files = (
			);
			inputPaths = (
				"${PODS_PODFILE_DIR_PATH}/Podfile.lock",
				"${PODS_ROOT}/Manifest.lock",
			);
			name = "[CP] Check Pods Manifest.lock";
			outputPaths = (
				"$(DERIVED_FILE_DIR)/Pods-VisualNoAr-checkManifestLockResult.txt",
			);
			runOnlyForDeploymentPostprocessing = 0;
			shellPath = /bin/sh;
			shellScript = "diff \"${PODS_PODFILE_DIR_PATH}/Podfile.lock\" \"${PODS_ROOT}/Manifest.lock\" > /dev/null\nif [ $? != 0 ] ; then\n    # print error to STDERR\n    echo \"error: The sandbox is not in sync with the Podfile.lock. Run 'pod install' or update your CocoaPods installation.\" >&2\n    exit 1\nfi\n# This output is used by Xcode 'outputs' to avoid re-running this script phase.\necho \"SUCCESS\" > \"${SCRIPT_OUTPUT_FILE_0}\"\n";
			showEnvVarsInLog = 0;
		};
/* End PBXShellScriptBuildPhase section */

/* Begin PBXSourcesBuildPhase section */
		3445B5881EBAC02E00B4C7CA /* Sources */ = {
			isa = PBXSourcesBuildPhase;
			buildActionMask = 2147483647;
			files = (
				3445B5921EBAC02F00B4C7CA /* LoginController.swift in Sources */,
				3450B3DB1F76B62C0040532E /* CLLocationCoordinate2DExtensions.swift in Sources */,
				34D87C3B1F47DC7200CCEC9E /* UIViewExtensions.swift in Sources */,
				344A43001F75638C00825713 /* PlaneAnnotationView.swift in Sources */,
				341C99B91F7182920017BFE1 /* UIStoryboardSegueSlide.swift in Sources */,
				34EEC0321F8000C2002FC0B6 /* Credentials.swift in Sources */,
				340D72E71F47FFBB00425434 /* TutorialController.swift in Sources */,
				340D72E91F48034800425434 /* MapController.swift in Sources */,
				3494BA5E1F7044D800F0B8FE /* PageController.swift in Sources */,
				349B65101F5E3A5400867E3E /* DetailController.swift in Sources */,
				3445B5901EBAC02F00B4C7CA /* AppDelegate.swift in Sources */,
			);
			runOnlyForDeploymentPostprocessing = 0;
		};
/* End PBXSourcesBuildPhase section */

/* Begin XCBuildConfiguration section */
		3445B59C1EBAC02F00B4C7CA /* Debug */ = {
			isa = XCBuildConfiguration;
			buildSettings = {
				ALWAYS_SEARCH_USER_PATHS = NO;
				CLANG_ANALYZER_NONNULL = YES;
				CLANG_ANALYZER_NUMBER_OBJECT_CONVERSION = YES_AGGRESSIVE;
				CLANG_CXX_LANGUAGE_STANDARD = "gnu++0x";
				CLANG_CXX_LIBRARY = "libc++";
				CLANG_ENABLE_MODULES = YES;
				CLANG_ENABLE_OBJC_ARC = YES;
				CLANG_WARN_BLOCK_CAPTURE_AUTORELEASING = YES;
				CLANG_WARN_BOOL_CONVERSION = YES;
				CLANG_WARN_COMMA = YES;
				CLANG_WARN_CONSTANT_CONVERSION = YES;
				CLANG_WARN_DIRECT_OBJC_ISA_USAGE = YES_ERROR;
				CLANG_WARN_DOCUMENTATION_COMMENTS = YES;
				CLANG_WARN_EMPTY_BODY = YES;
				CLANG_WARN_ENUM_CONVERSION = YES;
				CLANG_WARN_INFINITE_RECURSION = YES;
				CLANG_WARN_INT_CONVERSION = YES;
				CLANG_WARN_NON_LITERAL_NULL_CONVERSION = YES;
				CLANG_WARN_OBJC_LITERAL_CONVERSION = YES;
				CLANG_WARN_OBJC_ROOT_CLASS = YES_ERROR;
				CLANG_WARN_RANGE_LOOP_ANALYSIS = YES;
				CLANG_WARN_STRICT_PROTOTYPES = YES;
				CLANG_WARN_SUSPICIOUS_MOVE = YES;
				CLANG_WARN_UNREACHABLE_CODE = YES;
				CLANG_WARN__DUPLICATE_METHOD_MATCH = YES;
				"CODE_SIGN_IDENTITY[sdk=iphoneos*]" = "iPhone Developer";
				COPY_PHASE_STRIP = NO;
				DEBUG_INFORMATION_FORMAT = dwarf;
				ENABLE_STRICT_OBJC_MSGSEND = YES;
				ENABLE_TESTABILITY = YES;
				GCC_C_LANGUAGE_STANDARD = gnu99;
				GCC_DYNAMIC_NO_PIC = NO;
				GCC_NO_COMMON_BLOCKS = YES;
				GCC_OPTIMIZATION_LEVEL = 0;
				GCC_PREPROCESSOR_DEFINITIONS = (
					"DEBUG=1",
					"$(inherited)",
				);
				GCC_WARN_64_TO_32_BIT_CONVERSION = YES;
				GCC_WARN_ABOUT_RETURN_TYPE = YES_ERROR;
				GCC_WARN_UNDECLARED_SELECTOR = YES;
				GCC_WARN_UNINITIALIZED_AUTOS = YES_AGGRESSIVE;
				GCC_WARN_UNUSED_FUNCTION = YES;
				GCC_WARN_UNUSED_VARIABLE = YES;
				IPHONEOS_DEPLOYMENT_TARGET = 10.3;
				MTL_ENABLE_DEBUG_INFO = YES;
				ONLY_ACTIVE_ARCH = YES;
				SDKROOT = iphoneos;
				SWIFT_ACTIVE_COMPILATION_CONDITIONS = DEBUG;
				SWIFT_OPTIMIZATION_LEVEL = "-Onone";
				SWIFT_VERSION = 4.0;
				TARGETED_DEVICE_FAMILY = "1,2";
			};
			name = Debug;
		};
		3445B59D1EBAC02F00B4C7CA /* Release */ = {
			isa = XCBuildConfiguration;
			buildSettings = {
				ALWAYS_SEARCH_USER_PATHS = NO;
				CLANG_ANALYZER_NONNULL = YES;
				CLANG_ANALYZER_NUMBER_OBJECT_CONVERSION = YES_AGGRESSIVE;
				CLANG_CXX_LANGUAGE_STANDARD = "gnu++0x";
				CLANG_CXX_LIBRARY = "libc++";
				CLANG_ENABLE_MODULES = YES;
				CLANG_ENABLE_OBJC_ARC = YES;
				CLANG_WARN_BLOCK_CAPTURE_AUTORELEASING = YES;
				CLANG_WARN_BOOL_CONVERSION = YES;
				CLANG_WARN_COMMA = YES;
				CLANG_WARN_CONSTANT_CONVERSION = YES;
				CLANG_WARN_DIRECT_OBJC_ISA_USAGE = YES_ERROR;
				CLANG_WARN_DOCUMENTATION_COMMENTS = YES;
				CLANG_WARN_EMPTY_BODY = YES;
				CLANG_WARN_ENUM_CONVERSION = YES;
				CLANG_WARN_INFINITE_RECURSION = YES;
				CLANG_WARN_INT_CONVERSION = YES;
				CLANG_WARN_NON_LITERAL_NULL_CONVERSION = YES;
				CLANG_WARN_OBJC_LITERAL_CONVERSION = YES;
				CLANG_WARN_OBJC_ROOT_CLASS = YES_ERROR;
				CLANG_WARN_RANGE_LOOP_ANALYSIS = YES;
				CLANG_WARN_STRICT_PROTOTYPES = YES;
				CLANG_WARN_SUSPICIOUS_MOVE = YES;
				CLANG_WARN_UNREACHABLE_CODE = YES;
				CLANG_WARN__DUPLICATE_METHOD_MATCH = YES;
				"CODE_SIGN_IDENTITY[sdk=iphoneos*]" = "iPhone Developer";
				COPY_PHASE_STRIP = NO;
				DEBUG_INFORMATION_FORMAT = "dwarf-with-dsym";
				ENABLE_NS_ASSERTIONS = NO;
				ENABLE_STRICT_OBJC_MSGSEND = YES;
				GCC_C_LANGUAGE_STANDARD = gnu99;
				GCC_NO_COMMON_BLOCKS = YES;
				GCC_WARN_64_TO_32_BIT_CONVERSION = YES;
				GCC_WARN_ABOUT_RETURN_TYPE = YES_ERROR;
				GCC_WARN_UNDECLARED_SELECTOR = YES;
				GCC_WARN_UNINITIALIZED_AUTOS = YES_AGGRESSIVE;
				GCC_WARN_UNUSED_FUNCTION = YES;
				GCC_WARN_UNUSED_VARIABLE = YES;
				IPHONEOS_DEPLOYMENT_TARGET = 10.3;
				MTL_ENABLE_DEBUG_INFO = NO;
				SDKROOT = iphoneos;
				SWIFT_OPTIMIZATION_LEVEL = "-Owholemodule";
				SWIFT_VERSION = 4.0;
				TARGETED_DEVICE_FAMILY = "1,2";
				VALIDATE_PRODUCT = YES;
			};
			name = Release;
		};
		3445B59F1EBAC02F00B4C7CA /* Debug */ = {
			isa = XCBuildConfiguration;
			baseConfigurationReference = B159C955CEC692D89B2F1F34 /* Pods-VisualNoAr.debug.xcconfig */;
			buildSettings = {
				ASSETCATALOG_COMPILER_APPICON_NAME = AppIcon;
				DEVELOPMENT_TEAM = RH63VWYCHB;
				FRAMEWORK_SEARCH_PATHS = "$(inherited)";
				HEADER_SEARCH_PATHS = "$(inherited)";
				INFOPLIST_FILE = "$(SRCROOT)/VisualNoAr/Info.plist";
				LD_RUNPATH_SEARCH_PATHS = "$(inherited) @executable_path/Frameworks";
				PRODUCT_BUNDLE_IDENTIFIER = br.com.visualnoar;
				PRODUCT_NAME = "$(TARGET_NAME)";
				SWIFT_VERSION = 4.0;
				TARGETED_DEVICE_FAMILY = 1;
			};
			name = Debug;
		};
		3445B5A01EBAC02F00B4C7CA /* Release */ = {
			isa = XCBuildConfiguration;
			baseConfigurationReference = F91B8E07010A443762B27FD7 /* Pods-VisualNoAr.release.xcconfig */;
			buildSettings = {
				ASSETCATALOG_COMPILER_APPICON_NAME = AppIcon;
				DEVELOPMENT_TEAM = RH63VWYCHB;
				FRAMEWORK_SEARCH_PATHS = "$(inherited)";
				HEADER_SEARCH_PATHS = "$(inherited)";
				INFOPLIST_FILE = "$(SRCROOT)/VisualNoAr/Info.plist";
				LD_RUNPATH_SEARCH_PATHS = "$(inherited) @executable_path/Frameworks";
				PRODUCT_BUNDLE_IDENTIFIER = br.com.visualnoar;
				PRODUCT_NAME = "$(TARGET_NAME)";
				SWIFT_VERSION = 4.0;
				TARGETED_DEVICE_FAMILY = 1;
			};
			name = Release;
		};
/* End XCBuildConfiguration section */

/* Begin XCConfigurationList section */
		3445B5871EBAC02E00B4C7CA /* Build configuration list for PBXProject "VisualNoAr" */ = {
			isa = XCConfigurationList;
			buildConfigurations = (
				3445B59C1EBAC02F00B4C7CA /* Debug */,
				3445B59D1EBAC02F00B4C7CA /* Release */,
			);
			defaultConfigurationIsVisible = 0;
			defaultConfigurationName = Release;
		};
		3445B59E1EBAC02F00B4C7CA /* Build configuration list for PBXNativeTarget "VisualNoAr" */ = {
			isa = XCConfigurationList;
			buildConfigurations = (
				3445B59F1EBAC02F00B4C7CA /* Debug */,
				3445B5A01EBAC02F00B4C7CA /* Release */,
			);
			defaultConfigurationIsVisible = 0;
			defaultConfigurationName = Release;
		};
/* End XCConfigurationList section */
	};
	rootObject = 3445B5841EBAC02E00B4C7CA /* Project object */;
}
